
Microsoft Visual Studio Solution File, Format Version 12.00
# Visual Studio Version 17
VisualStudioVersion = 17.5.33530.505
MinimumVisualStudioVersion = 10.0.40219.1
Project("{FAE04EC0-301F-11D3-BF4B-00C04F79EFBC}") = "DiscordBOT", "DiscordBOT\DiscordBOT.csproj", "{3C453118-AA09-49A9-823D-65D4DD475DF8}"
EndProject
Global
	GlobalSection(SolutionConfigurationPlatforms) = preSolution
		Debug|Any CPU = Debug|Any CPU
		Release|Any CPU = Release|Any CPU
	EndGlobalSection
	GlobalSection(ProjectConfigurationPlatforms) = postSolution
		{3C453118-AA09-49A9-823D-65D4DD475DF8}.Debug|Any CPU.ActiveCfg = Debug|Any CPU
		{3C453118-AA09-49A9-823D-65D4DD475DF8}.Debug|Any CPU.Build.0 = Debug|Any CPU
		{3C453118-AA09-49A9-823D-65D4DD475DF8}.Release|Any CPU.ActiveCfg = Release|Any CPU
		{3C453118-AA09-49A9-823D-65D4DD475DF8}.Release|Any CPU.Build.0 = Release|Any CPU
	EndGlobalSection
	GlobalSection(SolutionProperties) = preSolution
		HideSolutionNode = FALSE
	EndGlobalSection
	GlobalSection(ExtensibilityGlobals) = postSolution
		SolutionGuid = {B9AC89B3-28A7-4D31-B676-8EE7FE20CB75}
	EndGlobalSection
EndGlobal
